
Microsoft Visual Studio Solution File, Format Version 12.00
# Visual Studio 15
VisualStudioVersion = 15.0.26124.0
MinimumVisualStudioVersion = 15.0.26124.0
Project("{FAE04EC0-301F-11D3-BF4B-00C04F79EFBC}") = "ex1", "ex1\ex1.csproj", "{19822944-DFFF-4F23-90C7-E7291B6192A0}"
EndProject
Project("{FAE04EC0-301F-11D3-BF4B-00C04F79EFBC}") = "ex2", "ex2\ex2.csproj", "{5F9C79D7-B079-4495-86A5-17FEF0F77848}"
EndProject
Project("{FAE04EC0-301F-11D3-BF4B-00C04F79EFBC}") = "ex3", "ex3\ex3.csproj", "{FF6D74EC-350C-492F-A1BD-F4CD5362380A}"
EndProject
Global
	GlobalSection(SolutionConfigurationPlatforms) = preSolution
		Debug|Any CPU = Debug|Any CPU
		Debug|x64 = Debug|x64
		Debug|x86 = Debug|x86
		Release|Any CPU = Release|Any CPU
		Release|x64 = Release|x64
		Release|x86 = Release|x86
	EndGlobalSection
	GlobalSection(SolutionProperties) = preSolution
		HideSolutionNode = FALSE
	EndGlobalSection
	GlobalSection(ProjectConfigurationPlatforms) = postSolution
		{19822944-DFFF-4F23-90C7-E7291B6192A0}.Debug|Any CPU.ActiveCfg = Debug|Any CPU
		{19822944-DFFF-4F23-90C7-E7291B6192A0}.Debug|Any CPU.Build.0 = Debug|Any CPU
		{19822944-DFFF-4F23-90C7-E7291B6192A0}.Debug|x64.ActiveCfg = Debug|Any CPU
		{19822944-DFFF-4F23-90C7-E7291B6192A0}.Debug|x64.Build.0 = Debug|Any CPU
		{19822944-DFFF-4F23-90C7-E7291B6192A0}.Debug|x86.ActiveCfg = Debug|Any CPU
		{19822944-DFFF-4F23-90C7-E7291B6192A0}.Debug|x86.Build.0 = Debug|Any CPU
		{19822944-DFFF-4F23-90C7-E7291B6192A0}.Release|Any CPU.ActiveCfg = Release|Any CPU
		{19822944-DFFF-4F23-90C7-E7291B6192A0}.Release|Any CPU.Build.0 = Release|Any CPU
		{19822944-DFFF-4F23-90C7-E7291B6192A0}.Release|x64.ActiveCfg = Release|Any CPU
		{19822944-DFFF-4F23-90C7-E7291B6192A0}.Release|x64.Build.0 = Release|Any CPU
		{19822944-DFFF-4F23-90C7-E7291B6192A0}.Release|x86.ActiveCfg = Release|Any CPU
		{19822944-DFFF-4F23-90C7-E7291B6192A0}.Release|x86.Build.0 = Release|Any CPU
		{5F9C79D7-B079-4495-86A5-17FEF0F77848}.Debug|Any CPU.ActiveCfg = Debug|Any CPU
		{5F9C79D7-B079-4495-86A5-17FEF0F77848}.Debug|Any CPU.Build.0 = Debug|Any CPU
		{5F9C79D7-B079-4495-86A5-17FEF0F77848}.Debug|x64.ActiveCfg = Debug|Any CPU
		{5F9C79D7-B079-4495-86A5-17FEF0F77848}.Debug|x64.Build.0 = Debug|Any CPU
		{5F9C79D7-B079-4495-86A5-17FEF0F77848}.Debug|x86.ActiveCfg = Debug|Any CPU
		{5F9C79D7-B079-4495-86A5-17FEF0F77848}.Debug|x86.Build.0 = Debug|Any CPU
		{5F9C79D7-B079-4495-86A5-17FEF0F77848}.Release|Any CPU.ActiveCfg = Release|Any CPU
		{5F9C79D7-B079-4495-86A5-17FEF0F77848}.Release|Any CPU.Build.0 = Release|Any CPU
		{5F9C79D7-B079-4495-86A5-17FEF0F77848}.Release|x64.ActiveCfg = Release|Any CPU
		{5F9C79D7-B079-4495-86A5-17FEF0F77848}.Release|x64.Build.0 = Release|Any CPU
		{5F9C79D7-B079-4495-86A5-17FEF0F77848}.Release|x86.ActiveCfg = Release|Any CPU
		{5F9C79D7-B079-4495-86A5-17FEF0F77848}.Release|x86.Build.0 = Release|Any CPU
		{FF6D74EC-350C-492F-A1BD-F4CD5362380A}.Debug|Any CPU.ActiveCfg = Debug|Any CPU
		{FF6D74EC-350C-492F-A1BD-F4CD5362380A}.Debug|Any CPU.Build.0 = Debug|Any CPU
		{FF6D74EC-350C-492F-A1BD-F4CD5362380A}.Debug|x64.ActiveCfg = Debug|Any CPU
		{FF6D74EC-350C-492F-A1BD-F4CD5362380A}.Debug|x64.Build.0 = Debug|Any CPU
		{FF6D74EC-350C-492F-A1BD-F4CD5362380A}.Debug|x86.ActiveCfg = Debug|Any CPU
		{FF6D74EC-350C-492F-A1BD-F4CD5362380A}.Debug|x86.Build.0 = Debug|Any CPU
		{FF6D74EC-350C-492F-A1BD-F4CD5362380A}.Release|Any CPU.ActiveCfg = Release|Any CPU
		{FF6D74EC-350C-492F-A1BD-F4CD5362380A}.Release|Any CPU.Build.0 = Release|Any CPU
		{FF6D74EC-350C-492F-A1BD-F4CD5362380A}.Release|x64.ActiveCfg = Release|Any CPU
		{FF6D74EC-350C-492F-A1BD-F4CD5362380A}.Release|x64.Build.0 = Release|Any CPU
		{FF6D74EC-350C-492F-A1BD-F4CD5362380A}.Release|x86.ActiveCfg = Release|Any CPU
		{FF6D74EC-350C-492F-A1BD-F4CD5362380A}.Release|x86.Build.0 = Release|Any CPU
	EndGlobalSection
EndGlobal
