
Microsoft Visual Studio Solution File, Format Version 12.00
# Visual Studio 15
VisualStudioVersion = 15.0.26124.0
MinimumVisualStudioVersion = 15.0.26124.0
Project("{FAE04EC0-301F-11D3-BF4B-00C04F79EFBC}") = "ex1", "ex1\ex1.csproj", "{1D65D4A2-02CF-4242-9608-89453D7F5C78}"
EndProject
Project("{FAE04EC0-301F-11D3-BF4B-00C04F79EFBC}") = "ex2", "ex2\ex2.csproj", "{983EE324-D5C7-4D8A-B71D-D234783178FD}"
EndProject
Project("{FAE04EC0-301F-11D3-BF4B-00C04F79EFBC}") = "ex3", "ex3\ex3.csproj", "{E82DBE81-6048-486E-9722-DC0378D945C9}"
EndProject
Project("{FAE04EC0-301F-11D3-BF4B-00C04F79EFBC}") = "ex4", "ex4\ex4.csproj", "{258A793A-0A59-43FB-B8C0-CB49502D0107}"
EndProject
Global
	GlobalSection(SolutionConfigurationPlatforms) = preSolution
		Debug|Any CPU = Debug|Any CPU
		Debug|x64 = Debug|x64
		Debug|x86 = Debug|x86
		Release|Any CPU = Release|Any CPU
		Release|x64 = Release|x64
		Release|x86 = Release|x86
	EndGlobalSection
	GlobalSection(SolutionProperties) = preSolution
		HideSolutionNode = FALSE
	EndGlobalSection
	GlobalSection(ProjectConfigurationPlatforms) = postSolution
		{1D65D4A2-02CF-4242-9608-89453D7F5C78}.Debug|Any CPU.ActiveCfg = Debug|Any CPU
		{1D65D4A2-02CF-4242-9608-89453D7F5C78}.Debug|Any CPU.Build.0 = Debug|Any CPU
		{1D65D4A2-02CF-4242-9608-89453D7F5C78}.Debug|x64.ActiveCfg = Debug|Any CPU
		{1D65D4A2-02CF-4242-9608-89453D7F5C78}.Debug|x64.Build.0 = Debug|Any CPU
		{1D65D4A2-02CF-4242-9608-89453D7F5C78}.Debug|x86.ActiveCfg = Debug|Any CPU
		{1D65D4A2-02CF-4242-9608-89453D7F5C78}.Debug|x86.Build.0 = Debug|Any CPU
		{1D65D4A2-02CF-4242-9608-89453D7F5C78}.Release|Any CPU.ActiveCfg = Release|Any CPU
		{1D65D4A2-02CF-4242-9608-89453D7F5C78}.Release|Any CPU.Build.0 = Release|Any CPU
		{1D65D4A2-02CF-4242-9608-89453D7F5C78}.Release|x64.ActiveCfg = Release|Any CPU
		{1D65D4A2-02CF-4242-9608-89453D7F5C78}.Release|x64.Build.0 = Release|Any CPU
		{1D65D4A2-02CF-4242-9608-89453D7F5C78}.Release|x86.ActiveCfg = Release|Any CPU
		{1D65D4A2-02CF-4242-9608-89453D7F5C78}.Release|x86.Build.0 = Release|Any CPU
		{983EE324-D5C7-4D8A-B71D-D234783178FD}.Debug|Any CPU.ActiveCfg = Debug|Any CPU
		{983EE324-D5C7-4D8A-B71D-D234783178FD}.Debug|Any CPU.Build.0 = Debug|Any CPU
		{983EE324-D5C7-4D8A-B71D-D234783178FD}.Debug|x64.ActiveCfg = Debug|Any CPU
		{983EE324-D5C7-4D8A-B71D-D234783178FD}.Debug|x64.Build.0 = Debug|Any CPU
		{983EE324-D5C7-4D8A-B71D-D234783178FD}.Debug|x86.ActiveCfg = Debug|Any CPU
		{983EE324-D5C7-4D8A-B71D-D234783178FD}.Debug|x86.Build.0 = Debug|Any CPU
		{983EE324-D5C7-4D8A-B71D-D234783178FD}.Release|Any CPU.ActiveCfg = Release|Any CPU
		{983EE324-D5C7-4D8A-B71D-D234783178FD}.Release|Any CPU.Build.0 = Release|Any CPU
		{983EE324-D5C7-4D8A-B71D-D234783178FD}.Release|x64.ActiveCfg = Release|Any CPU
		{983EE324-D5C7-4D8A-B71D-D234783178FD}.Release|x64.Build.0 = Release|Any CPU
		{983EE324-D5C7-4D8A-B71D-D234783178FD}.Release|x86.ActiveCfg = Release|Any CPU
		{983EE324-D5C7-4D8A-B71D-D234783178FD}.Release|x86.Build.0 = Release|Any CPU
		{E82DBE81-6048-486E-9722-DC0378D945C9}.Debug|Any CPU.ActiveCfg = Debug|Any CPU
		{E82DBE81-6048-486E-9722-DC0378D945C9}.Debug|Any CPU.Build.0 = Debug|Any CPU
		{E82DBE81-6048-486E-9722-DC0378D945C9}.Debug|x64.ActiveCfg = Debug|Any CPU
		{E82DBE81-6048-486E-9722-DC0378D945C9}.Debug|x64.Build.0 = Debug|Any CPU
		{E82DBE81-6048-486E-9722-DC0378D945C9}.Debug|x86.ActiveCfg = Debug|Any CPU
		{E82DBE81-6048-486E-9722-DC0378D945C9}.Debug|x86.Build.0 = Debug|Any CPU
		{E82DBE81-6048-486E-9722-DC0378D945C9}.Release|Any CPU.ActiveCfg = Release|Any CPU
		{E82DBE81-6048-486E-9722-DC0378D945C9}.Release|Any CPU.Build.0 = Release|Any CPU
		{E82DBE81-6048-486E-9722-DC0378D945C9}.Release|x64.ActiveCfg = Release|Any CPU
		{E82DBE81-6048-486E-9722-DC0378D945C9}.Release|x64.Build.0 = Release|Any CPU
		{E82DBE81-6048-486E-9722-DC0378D945C9}.Release|x86.ActiveCfg = Release|Any CPU
		{E82DBE81-6048-486E-9722-DC0378D945C9}.Release|x86.Build.0 = Release|Any CPU
		{258A793A-0A59-43FB-B8C0-CB49502D0107}.Debug|Any CPU.ActiveCfg = Debug|Any CPU
		{258A793A-0A59-43FB-B8C0-CB49502D0107}.Debug|Any CPU.Build.0 = Debug|Any CPU
		{258A793A-0A59-43FB-B8C0-CB49502D0107}.Debug|x64.ActiveCfg = Debug|Any CPU
		{258A793A-0A59-43FB-B8C0-CB49502D0107}.Debug|x64.Build.0 = Debug|Any CPU
		{258A793A-0A59-43FB-B8C0-CB49502D0107}.Debug|x86.ActiveCfg = Debug|Any CPU
		{258A793A-0A59-43FB-B8C0-CB49502D0107}.Debug|x86.Build.0 = Debug|Any CPU
		{258A793A-0A59-43FB-B8C0-CB49502D0107}.Release|Any CPU.ActiveCfg = Release|Any CPU
		{258A793A-0A59-43FB-B8C0-CB49502D0107}.Release|Any CPU.Build.0 = Release|Any CPU
		{258A793A-0A59-43FB-B8C0-CB49502D0107}.Release|x64.ActiveCfg = Release|Any CPU
		{258A793A-0A59-43FB-B8C0-CB49502D0107}.Release|x64.Build.0 = Release|Any CPU
		{258A793A-0A59-43FB-B8C0-CB49502D0107}.Release|x86.ActiveCfg = Release|Any CPU
		{258A793A-0A59-43FB-B8C0-CB49502D0107}.Release|x86.Build.0 = Release|Any CPU
	EndGlobalSection
EndGlobal
