
Microsoft Visual Studio Solution File, Format Version 12.00
# Visual Studio Version 16
VisualStudioVersion = 16.0.29001.49
MinimumVisualStudioVersion = 10.0.40219.1
Project("{FAE04EC0-301F-11D3-BF4B-00C04F79EFBC}") = "HelloWorld", "HelloWorld\HelloWorld.csproj", "{5608ED9C-E7AB-4BB3-A014-6F256DFEAD74}"
EndProject
Global
	GlobalSection(SolutionConfigurationPlatforms) = preSolution
		Debug|Any CPU = Debug|Any CPU
		Release|Any CPU = Release|Any CPU
	EndGlobalSection
	GlobalSection(ProjectConfigurationPlatforms) = postSolution
		{5608ED9C-E7AB-4BB3-A014-6F256DFEAD74}.Debug|Any CPU.ActiveCfg = Debug|Any CPU
		{5608ED9C-E7AB-4BB3-A014-6F256DFEAD74}.Debug|Any CPU.Build.0 = Debug|Any CPU
		{5608ED9C-E7AB-4BB3-A014-6F256DFEAD74}.Release|Any CPU.ActiveCfg = Release|Any CPU
		{5608ED9C-E7AB-4BB3-A014-6F256DFEAD74}.Release|Any CPU.Build.0 = Release|Any CPU
	EndGlobalSection
	GlobalSection(SolutionProperties) = preSolution
		HideSolutionNode = FALSE
	EndGlobalSection
	GlobalSection(ExtensibilityGlobals) = postSolution
		SolutionGuid = {AB9DC567-6E92-4035-93D9-3B9E3DB8B631}
	EndGlobalSection
EndGlobal
