
Microsoft Visual Studio Solution File, Format Version 12.00
# Visual Studio Version 16
VisualStudioVersion = 16.0.29020.237
MinimumVisualStudioVersion = 15.0.26124.0
Project("{FAE04EC0-301F-11D3-BF4B-00C04F79EFBC}") = "ex1", "ex1\ex1.csproj", "{B1BD2C39-4231-44DD-BB7A-201E0A0FB5FD}"
EndProject
Project("{FAE04EC0-301F-11D3-BF4B-00C04F79EFBC}") = "Bouncer", "Bouncer\Bouncer.csproj", "{040E741C-EC4C-4729-9F45-397297ADDD9D}"
EndProject
Project("{FAE04EC0-301F-11D3-BF4B-00C04F79EFBC}") = "ex2", "ex2\ex2.csproj", "{62F6CAB8-935D-408F-AA32-BA07B2282C04}"
EndProject
Project("{FAE04EC0-301F-11D3-BF4B-00C04F79EFBC}") = "ex3", "ex3\ex3.csproj", "{A6FA4FE7-8D3B-4315-9115-AFF605CB8296}"
EndProject
Project("{FAE04EC0-301F-11D3-BF4B-00C04F79EFBC}") = "ex4", "ex4\ex4.csproj", "{C88BB358-7E82-421A-9F17-EC2D3207FB95}"
EndProject
Global
	GlobalSection(SolutionConfigurationPlatforms) = preSolution
		Debug|Any CPU = Debug|Any CPU
		Debug|x64 = Debug|x64
		Debug|x86 = Debug|x86
		Release|Any CPU = Release|Any CPU
		Release|x64 = Release|x64
		Release|x86 = Release|x86
	EndGlobalSection
	GlobalSection(ProjectConfigurationPlatforms) = postSolution
		{B1BD2C39-4231-44DD-BB7A-201E0A0FB5FD}.Debug|Any CPU.ActiveCfg = Debug|Any CPU
		{B1BD2C39-4231-44DD-BB7A-201E0A0FB5FD}.Debug|Any CPU.Build.0 = Debug|Any CPU
		{B1BD2C39-4231-44DD-BB7A-201E0A0FB5FD}.Debug|x64.ActiveCfg = Debug|Any CPU
		{B1BD2C39-4231-44DD-BB7A-201E0A0FB5FD}.Debug|x64.Build.0 = Debug|Any CPU
		{B1BD2C39-4231-44DD-BB7A-201E0A0FB5FD}.Debug|x86.ActiveCfg = Debug|Any CPU
		{B1BD2C39-4231-44DD-BB7A-201E0A0FB5FD}.Debug|x86.Build.0 = Debug|Any CPU
		{B1BD2C39-4231-44DD-BB7A-201E0A0FB5FD}.Release|Any CPU.ActiveCfg = Release|Any CPU
		{B1BD2C39-4231-44DD-BB7A-201E0A0FB5FD}.Release|Any CPU.Build.0 = Release|Any CPU
		{B1BD2C39-4231-44DD-BB7A-201E0A0FB5FD}.Release|x64.ActiveCfg = Release|Any CPU
		{B1BD2C39-4231-44DD-BB7A-201E0A0FB5FD}.Release|x64.Build.0 = Release|Any CPU
		{B1BD2C39-4231-44DD-BB7A-201E0A0FB5FD}.Release|x86.ActiveCfg = Release|Any CPU
		{B1BD2C39-4231-44DD-BB7A-201E0A0FB5FD}.Release|x86.Build.0 = Release|Any CPU
		{040E741C-EC4C-4729-9F45-397297ADDD9D}.Debug|Any CPU.ActiveCfg = Debug|Any CPU
		{040E741C-EC4C-4729-9F45-397297ADDD9D}.Debug|Any CPU.Build.0 = Debug|Any CPU
		{040E741C-EC4C-4729-9F45-397297ADDD9D}.Debug|x64.ActiveCfg = Debug|Any CPU
		{040E741C-EC4C-4729-9F45-397297ADDD9D}.Debug|x64.Build.0 = Debug|Any CPU
		{040E741C-EC4C-4729-9F45-397297ADDD9D}.Debug|x86.ActiveCfg = Debug|Any CPU
		{040E741C-EC4C-4729-9F45-397297ADDD9D}.Debug|x86.Build.0 = Debug|Any CPU
		{040E741C-EC4C-4729-9F45-397297ADDD9D}.Release|Any CPU.ActiveCfg = Release|Any CPU
		{040E741C-EC4C-4729-9F45-397297ADDD9D}.Release|Any CPU.Build.0 = Release|Any CPU
		{040E741C-EC4C-4729-9F45-397297ADDD9D}.Release|x64.ActiveCfg = Release|Any CPU
		{040E741C-EC4C-4729-9F45-397297ADDD9D}.Release|x64.Build.0 = Release|Any CPU
		{040E741C-EC4C-4729-9F45-397297ADDD9D}.Release|x86.ActiveCfg = Release|Any CPU
		{040E741C-EC4C-4729-9F45-397297ADDD9D}.Release|x86.Build.0 = Release|Any CPU
		{62F6CAB8-935D-408F-AA32-BA07B2282C04}.Debug|Any CPU.ActiveCfg = Debug|Any CPU
		{62F6CAB8-935D-408F-AA32-BA07B2282C04}.Debug|Any CPU.Build.0 = Debug|Any CPU
		{62F6CAB8-935D-408F-AA32-BA07B2282C04}.Debug|x64.ActiveCfg = Debug|Any CPU
		{62F6CAB8-935D-408F-AA32-BA07B2282C04}.Debug|x64.Build.0 = Debug|Any CPU
		{62F6CAB8-935D-408F-AA32-BA07B2282C04}.Debug|x86.ActiveCfg = Debug|Any CPU
		{62F6CAB8-935D-408F-AA32-BA07B2282C04}.Debug|x86.Build.0 = Debug|Any CPU
		{62F6CAB8-935D-408F-AA32-BA07B2282C04}.Release|Any CPU.ActiveCfg = Release|Any CPU
		{62F6CAB8-935D-408F-AA32-BA07B2282C04}.Release|Any CPU.Build.0 = Release|Any CPU
		{62F6CAB8-935D-408F-AA32-BA07B2282C04}.Release|x64.ActiveCfg = Release|Any CPU
		{62F6CAB8-935D-408F-AA32-BA07B2282C04}.Release|x64.Build.0 = Release|Any CPU
		{62F6CAB8-935D-408F-AA32-BA07B2282C04}.Release|x86.ActiveCfg = Release|Any CPU
		{62F6CAB8-935D-408F-AA32-BA07B2282C04}.Release|x86.Build.0 = Release|Any CPU
		{A6FA4FE7-8D3B-4315-9115-AFF605CB8296}.Debug|Any CPU.ActiveCfg = Debug|Any CPU
		{A6FA4FE7-8D3B-4315-9115-AFF605CB8296}.Debug|Any CPU.Build.0 = Debug|Any CPU
		{A6FA4FE7-8D3B-4315-9115-AFF605CB8296}.Debug|x64.ActiveCfg = Debug|Any CPU
		{A6FA4FE7-8D3B-4315-9115-AFF605CB8296}.Debug|x64.Build.0 = Debug|Any CPU
		{A6FA4FE7-8D3B-4315-9115-AFF605CB8296}.Debug|x86.ActiveCfg = Debug|Any CPU
		{A6FA4FE7-8D3B-4315-9115-AFF605CB8296}.Debug|x86.Build.0 = Debug|Any CPU
		{A6FA4FE7-8D3B-4315-9115-AFF605CB8296}.Release|Any CPU.ActiveCfg = Release|Any CPU
		{A6FA4FE7-8D3B-4315-9115-AFF605CB8296}.Release|Any CPU.Build.0 = Release|Any CPU
		{A6FA4FE7-8D3B-4315-9115-AFF605CB8296}.Release|x64.ActiveCfg = Release|Any CPU
		{A6FA4FE7-8D3B-4315-9115-AFF605CB8296}.Release|x64.Build.0 = Release|Any CPU
		{A6FA4FE7-8D3B-4315-9115-AFF605CB8296}.Release|x86.ActiveCfg = Release|Any CPU
		{A6FA4FE7-8D3B-4315-9115-AFF605CB8296}.Release|x86.Build.0 = Release|Any CPU
		{C88BB358-7E82-421A-9F17-EC2D3207FB95}.Debug|Any CPU.ActiveCfg = Debug|Any CPU
		{C88BB358-7E82-421A-9F17-EC2D3207FB95}.Debug|Any CPU.Build.0 = Debug|Any CPU
		{C88BB358-7E82-421A-9F17-EC2D3207FB95}.Debug|x64.ActiveCfg = Debug|Any CPU
		{C88BB358-7E82-421A-9F17-EC2D3207FB95}.Debug|x64.Build.0 = Debug|Any CPU
		{C88BB358-7E82-421A-9F17-EC2D3207FB95}.Debug|x86.ActiveCfg = Debug|Any CPU
		{C88BB358-7E82-421A-9F17-EC2D3207FB95}.Debug|x86.Build.0 = Debug|Any CPU
		{C88BB358-7E82-421A-9F17-EC2D3207FB95}.Release|Any CPU.ActiveCfg = Release|Any CPU
		{C88BB358-7E82-421A-9F17-EC2D3207FB95}.Release|Any CPU.Build.0 = Release|Any CPU
		{C88BB358-7E82-421A-9F17-EC2D3207FB95}.Release|x64.ActiveCfg = Release|Any CPU
		{C88BB358-7E82-421A-9F17-EC2D3207FB95}.Release|x64.Build.0 = Release|Any CPU
		{C88BB358-7E82-421A-9F17-EC2D3207FB95}.Release|x86.ActiveCfg = Release|Any CPU
		{C88BB358-7E82-421A-9F17-EC2D3207FB95}.Release|x86.Build.0 = Release|Any CPU
	EndGlobalSection
	GlobalSection(SolutionProperties) = preSolution
		HideSolutionNode = FALSE
	EndGlobalSection
	GlobalSection(ExtensibilityGlobals) = postSolution
		SolutionGuid = {F3B82F3C-1FA3-46F7-9EAF-6FD272F9BE35}
	EndGlobalSection
EndGlobal
