
Microsoft Visual Studio Solution File, Format Version 12.00
# Visual Studio Version 16
VisualStudioVersion = 16.0.29001.49
MinimumVisualStudioVersion = 10.0.40219.1
Project("{FAE04EC0-301F-11D3-BF4B-00C04F79EFBC}") = "Ex5", "Ex5\Ex5.csproj", "{D9BEEB09-A7D8-4953-A8FE-5EF0FB970126}"
EndProject
Global
	GlobalSection(SolutionConfigurationPlatforms) = preSolution
		Debug|Any CPU = Debug|Any CPU
		Release|Any CPU = Release|Any CPU
	EndGlobalSection
	GlobalSection(ProjectConfigurationPlatforms) = postSolution
		{D9BEEB09-A7D8-4953-A8FE-5EF0FB970126}.Debug|Any CPU.ActiveCfg = Debug|Any CPU
		{D9BEEB09-A7D8-4953-A8FE-5EF0FB970126}.Debug|Any CPU.Build.0 = Debug|Any CPU
		{D9BEEB09-A7D8-4953-A8FE-5EF0FB970126}.Release|Any CPU.ActiveCfg = Release|Any CPU
		{D9BEEB09-A7D8-4953-A8FE-5EF0FB970126}.Release|Any CPU.Build.0 = Release|Any CPU
	EndGlobalSection
	GlobalSection(SolutionProperties) = preSolution
		HideSolutionNode = FALSE
	EndGlobalSection
	GlobalSection(ExtensibilityGlobals) = postSolution
		SolutionGuid = {B9160F9C-D4F0-4C94-AB80-5D3A6A40906A}
	EndGlobalSection
EndGlobal
