
Microsoft Visual Studio Solution File, Format Version 12.00
# Visual Studio Version 16
VisualStudioVersion = 16.0.29001.49
MinimumVisualStudioVersion = 10.0.40219.1
Project("{FAE04EC0-301F-11D3-BF4B-00C04F79EFBC}") = "Ex4", "Ex4\Ex4.csproj", "{85A296A0-2C1D-4B44-83BC-4491EEF5CD1C}"
EndProject
Global
	GlobalSection(SolutionConfigurationPlatforms) = preSolution
		Debug|Any CPU = Debug|Any CPU
		Release|Any CPU = Release|Any CPU
	EndGlobalSection
	GlobalSection(ProjectConfigurationPlatforms) = postSolution
		{85A296A0-2C1D-4B44-83BC-4491EEF5CD1C}.Debug|Any CPU.ActiveCfg = Debug|Any CPU
		{85A296A0-2C1D-4B44-83BC-4491EEF5CD1C}.Debug|Any CPU.Build.0 = Debug|Any CPU
		{85A296A0-2C1D-4B44-83BC-4491EEF5CD1C}.Release|Any CPU.ActiveCfg = Release|Any CPU
		{85A296A0-2C1D-4B44-83BC-4491EEF5CD1C}.Release|Any CPU.Build.0 = Release|Any CPU
	EndGlobalSection
	GlobalSection(SolutionProperties) = preSolution
		HideSolutionNode = FALSE
	EndGlobalSection
	GlobalSection(ExtensibilityGlobals) = postSolution
		SolutionGuid = {1E03E0BA-22C9-4549-B451-568C22A4FED3}
	EndGlobalSection
EndGlobal
