
Microsoft Visual Studio Solution File, Format Version 12.00
# Visual Studio 15
VisualStudioVersion = 15.0.26124.0
MinimumVisualStudioVersion = 15.0.26124.0
Project("{FAE04EC0-301F-11D3-BF4B-00C04F79EFBC}") = "example1", "example1\example1.csproj", "{6DDC7412-DBDC-458A-91FB-CBAE6056A7D4}"
EndProject
Project("{FAE04EC0-301F-11D3-BF4B-00C04F79EFBC}") = "example2", "example2\example2.csproj", "{4A053CEF-3873-490F-A8AD-8C9245CF04CF}"
EndProject
Global
	GlobalSection(SolutionConfigurationPlatforms) = preSolution
		Debug|Any CPU = Debug|Any CPU
		Debug|x64 = Debug|x64
		Debug|x86 = Debug|x86
		Release|Any CPU = Release|Any CPU
		Release|x64 = Release|x64
		Release|x86 = Release|x86
	EndGlobalSection
	GlobalSection(SolutionProperties) = preSolution
		HideSolutionNode = FALSE
	EndGlobalSection
	GlobalSection(ProjectConfigurationPlatforms) = postSolution
		{6DDC7412-DBDC-458A-91FB-CBAE6056A7D4}.Debug|Any CPU.ActiveCfg = Debug|Any CPU
		{6DDC7412-DBDC-458A-91FB-CBAE6056A7D4}.Debug|Any CPU.Build.0 = Debug|Any CPU
		{6DDC7412-DBDC-458A-91FB-CBAE6056A7D4}.Debug|x64.ActiveCfg = Debug|Any CPU
		{6DDC7412-DBDC-458A-91FB-CBAE6056A7D4}.Debug|x64.Build.0 = Debug|Any CPU
		{6DDC7412-DBDC-458A-91FB-CBAE6056A7D4}.Debug|x86.ActiveCfg = Debug|Any CPU
		{6DDC7412-DBDC-458A-91FB-CBAE6056A7D4}.Debug|x86.Build.0 = Debug|Any CPU
		{6DDC7412-DBDC-458A-91FB-CBAE6056A7D4}.Release|Any CPU.ActiveCfg = Release|Any CPU
		{6DDC7412-DBDC-458A-91FB-CBAE6056A7D4}.Release|Any CPU.Build.0 = Release|Any CPU
		{6DDC7412-DBDC-458A-91FB-CBAE6056A7D4}.Release|x64.ActiveCfg = Release|Any CPU
		{6DDC7412-DBDC-458A-91FB-CBAE6056A7D4}.Release|x64.Build.0 = Release|Any CPU
		{6DDC7412-DBDC-458A-91FB-CBAE6056A7D4}.Release|x86.ActiveCfg = Release|Any CPU
		{6DDC7412-DBDC-458A-91FB-CBAE6056A7D4}.Release|x86.Build.0 = Release|Any CPU
		{4A053CEF-3873-490F-A8AD-8C9245CF04CF}.Debug|Any CPU.ActiveCfg = Debug|Any CPU
		{4A053CEF-3873-490F-A8AD-8C9245CF04CF}.Debug|Any CPU.Build.0 = Debug|Any CPU
		{4A053CEF-3873-490F-A8AD-8C9245CF04CF}.Debug|x64.ActiveCfg = Debug|Any CPU
		{4A053CEF-3873-490F-A8AD-8C9245CF04CF}.Debug|x64.Build.0 = Debug|Any CPU
		{4A053CEF-3873-490F-A8AD-8C9245CF04CF}.Debug|x86.ActiveCfg = Debug|Any CPU
		{4A053CEF-3873-490F-A8AD-8C9245CF04CF}.Debug|x86.Build.0 = Debug|Any CPU
		{4A053CEF-3873-490F-A8AD-8C9245CF04CF}.Release|Any CPU.ActiveCfg = Release|Any CPU
		{4A053CEF-3873-490F-A8AD-8C9245CF04CF}.Release|Any CPU.Build.0 = Release|Any CPU
		{4A053CEF-3873-490F-A8AD-8C9245CF04CF}.Release|x64.ActiveCfg = Release|Any CPU
		{4A053CEF-3873-490F-A8AD-8C9245CF04CF}.Release|x64.Build.0 = Release|Any CPU
		{4A053CEF-3873-490F-A8AD-8C9245CF04CF}.Release|x86.ActiveCfg = Release|Any CPU
		{4A053CEF-3873-490F-A8AD-8C9245CF04CF}.Release|x86.Build.0 = Release|Any CPU
	EndGlobalSection
EndGlobal
